
Microsoft Visual Studio Solution File, Format Version 12.00
Project("{2150E333-8FDC-42A3-9474-1A3956D46DE8}") = "Applications", "Applications", "{11C6EFB0-17C4-4DD7-AE0C-55C08EF4E92B}"
EndProject
Project("{2150E333-8FDC-42A3-9474-1A3956D46DE8}") = "Libraries", "Libraries", "{BE18E352-4700-4779-9625-5665DD9C7763}"
EndProject
Project("{2150E333-8FDC-42A3-9474-1A3956D46DE8}") = "Solution Items", "Solution Items", "{CA4B6217-84B8-43BB-A229-E979363A338E}"
	ProjectSection(SolutionItems) = preProject
		.gitignore = .gitignore
	EndProjectSection
EndProject
Project("{FAE04EC0-301F-11D3-BF4B-00C04F79EFBC}") = "BlazorEntra.Api", "BlazorEntra.Api\BlazorEntra.Api.csproj", "{BF586FB3-B270-4A85-9258-C650E75A045A}"
EndProject
Project("{FAE04EC0-301F-11D3-BF4B-00C04F79EFBC}") = "BlazorEntra.Blazor", "BlazorEntra.Blazor\BlazorEntra.Blazor\BlazorEntra.Blazor.csproj", "{E39A1C77-405E-4602-89E3-DC8B721201BD}"
EndProject
Project("{FAE04EC0-301F-11D3-BF4B-00C04F79EFBC}") = "BlazorEntra.Blazor.Client", "BlazorEntra.Blazor\BlazorEntra.Blazor.Client\BlazorEntra.Blazor.Client.csproj", "{8E9C2B79-0F8F-4FFB-A5D4-FC89CFF6AF72}"
EndProject
Project("{FAE04EC0-301F-11D3-BF4B-00C04F79EFBC}") = "BlazorEntra.Shared", "BlazorEntra.Shared\BlazorEntra.Shared.csproj", "{8DD052AF-BED5-40EC-82EF-47D30A012AC5}"
EndProject
Global
	GlobalSection(SolutionConfigurationPlatforms) = preSolution
		Debug|Any CPU = Debug|Any CPU
		Release|Any CPU = Release|Any CPU
	EndGlobalSection
	GlobalSection(ProjectConfigurationPlatforms) = postSolution
		{BF586FB3-B270-4A85-9258-C650E75A045A}.Debug|Any CPU.ActiveCfg = Debug|Any CPU
		{BF586FB3-B270-4A85-9258-C650E75A045A}.Debug|Any CPU.Build.0 = Debug|Any CPU
		{BF586FB3-B270-4A85-9258-C650E75A045A}.Release|Any CPU.ActiveCfg = Release|Any CPU
		{BF586FB3-B270-4A85-9258-C650E75A045A}.Release|Any CPU.Build.0 = Release|Any CPU
		{E39A1C77-405E-4602-89E3-DC8B721201BD}.Debug|Any CPU.ActiveCfg = Debug|Any CPU
		{E39A1C77-405E-4602-89E3-DC8B721201BD}.Debug|Any CPU.Build.0 = Debug|Any CPU
		{E39A1C77-405E-4602-89E3-DC8B721201BD}.Release|Any CPU.ActiveCfg = Release|Any CPU
		{E39A1C77-405E-4602-89E3-DC8B721201BD}.Release|Any CPU.Build.0 = Release|Any CPU
		{8E9C2B79-0F8F-4FFB-A5D4-FC89CFF6AF72}.Debug|Any CPU.ActiveCfg = Debug|Any CPU
		{8E9C2B79-0F8F-4FFB-A5D4-FC89CFF6AF72}.Debug|Any CPU.Build.0 = Debug|Any CPU
		{8E9C2B79-0F8F-4FFB-A5D4-FC89CFF6AF72}.Release|Any CPU.ActiveCfg = Release|Any CPU
		{8E9C2B79-0F8F-4FFB-A5D4-FC89CFF6AF72}.Release|Any CPU.Build.0 = Release|Any CPU
		{8DD052AF-BED5-40EC-82EF-47D30A012AC5}.Debug|Any CPU.ActiveCfg = Debug|Any CPU
		{8DD052AF-BED5-40EC-82EF-47D30A012AC5}.Debug|Any CPU.Build.0 = Debug|Any CPU
		{8DD052AF-BED5-40EC-82EF-47D30A012AC5}.Release|Any CPU.ActiveCfg = Release|Any CPU
		{8DD052AF-BED5-40EC-82EF-47D30A012AC5}.Release|Any CPU.Build.0 = Release|Any CPU
	EndGlobalSection
	GlobalSection(NestedProjects) = preSolution
		{BF586FB3-B270-4A85-9258-C650E75A045A} = {11C6EFB0-17C4-4DD7-AE0C-55C08EF4E92B}
		{E39A1C77-405E-4602-89E3-DC8B721201BD} = {11C6EFB0-17C4-4DD7-AE0C-55C08EF4E92B}
		{8E9C2B79-0F8F-4FFB-A5D4-FC89CFF6AF72} = {11C6EFB0-17C4-4DD7-AE0C-55C08EF4E92B}
		{8DD052AF-BED5-40EC-82EF-47D30A012AC5} = {BE18E352-4700-4779-9625-5665DD9C7763}
	EndGlobalSection
EndGlobal
